<?xml version="1.0" encoding="utf-8"?>
<Project ToolsVersion="4.0" xmlns="http://schemas.microsoft.com/developer/msbuild/2003">
  <ItemGroup>
    <Filter Include="Source Files">
      <UniqueIdentifier>{4FC737F1-C7A5-4376-A066-2A32D752A2FF}</UniqueIdentifier>
      <Extensions>cpp;c;cc;cxx;c++;cppm;ixx;def;odl;idl;hpj;bat;asm;asmx</Extensions>
    </Filter>
    <Filter Include="Header Files">
      <UniqueIdentifier>{93995380-89BD-4b04-88EB-625FBE52EBFB}</UniqueIdentifier>
      <Extensions>h;hh;hpp;hxx;h++;hm;inl;inc;ipp;xsd</Extensions>
    </Filter>
    <Filter Include="Resource Files">
      <UniqueIdentifier>{67DA6AB6-F800-4c08-8B7A-83BB121AAD01}</UniqueIdentifier>
      <Extensions>rc;ico;cur;bmp;dlg;rc2;rct;bin;rgs;gif;jpg;jpeg;jpe;resx;tiff;tif;png;wav;mfcribbon-ms</Extensions>
    </Filter>
  </ItemGroup>
  <ItemGroup>
    <ClCompile Include="catch_main.cpp">
      <Filter>Source Files</Filter>
    </ClCompile>
    <ClCompile Include="DecompressMemoryInputDataStream.tests.cpp">
      <Filter>Source Files</Filter>
    </ClCompile>
    <ClCompile Include="..\stream-decorator\DecompressInputDataStreamDecorator.cpp">
      <Filter>Source Files</Filter>
    </ClCompile>
    <ClCompile Include="..\stream-decorator\InputDataStreamDecorator.cpp">
      <Filter>Source Files</Filter>
    </ClCompile>
    <ClCompile Include="..\stream-decorator\MemoryInputDataStream.cpp">
      <Filter>Source Files</Filter>
    </ClCompile>
    <ClCompile Include="EncryptionInputOutputDataStreams.tests.cpp">
      <Filter>Source Files</Filter>
    </ClCompile>
    <ClCompile Include="..\stream-decorator\CryptTable.cpp">
      <Filter>Source Files</Filter>
    </ClCompile>
    <ClCompile Include="..\stream-decorator\DecryptInputDataStreamDecorator.cpp">
      <Filter>Source Files</Filter>
    </ClCompile>
    <ClCompile Include="..\stream-decorator\EncryptOutputDataStreamDecorator.cpp">
      <Filter>Source Files</Filter>
    </ClCompile>
    <ClCompile Include="..\stream-decorator\OutputDataStreamDecorator.cpp">
      <Filter>Source Files</Filter>
    </ClCompile>
    <ClCompile Include="..\stream-decorator\FileInputDataStream.cpp">
      <Filter>Source Files</Filter>
    </ClCompile>
    <ClCompile Include="..\stream-decorator\FileOutputDataStream.cpp">
      <Filter>Source Files</Filter>
    </ClCompile>
    <ClCompile Include="CompressInputOutputDataStreams.tests.cpp">
      <Filter>Source Files</Filter>
    </ClCompile>
    <ClCompile Include="..\stream-decorator\CompressOutputDataStreamDecorator.cpp">
      <Filter>Source Files</Filter>
    </ClCompile>
    <ClCompile Include="MemoryOutputStream.tests.cpp">
      <Filter>Source Files</Filter>
    </ClCompile>
    <ClCompile Include="..\stream-decorator\MemoryOutputDataStream.cpp">
      <Filter>Source Files</Filter>
    </ClCompile>
  </ItemGroup>
  <ItemGroup>
    <ClInclude Include="..\stream-decorator\DecompressInputDataStreamDecorator.h">
      <Filter>Header Files</Filter>
    </ClInclude>
    <ClInclude Include="..\stream-decorator\IInputDataStream.h">
      <Filter>Header Files</Filter>
    </ClInclude>
    <ClInclude Include="..\stream-decorator\InputDataStreamDecorator.h">
      <Filter>Header Files</Filter>
    </ClInclude>
    <ClInclude Include="..\stream-decorator\MemoryInputDataStream.h">
      <Filter>Header Files</Filter>
    </ClInclude>
    <ClInclude Include="..\stream-decorator\CryptTable.h">
      <Filter>Header Files</Filter>
    </ClInclude>
    <ClInclude Include="..\stream-decorator\DecryptInputDataStreamDecorator.h">
      <Filter>Header Files</Filter>
    </ClInclude>
    <ClInclude Include="..\stream-decorator\EncryptOutputDataStreamDecorator.h">
      <Filter>Header Files</Filter>
    </ClInclude>
    <ClInclude Include="..\stream-decorator\IOutputDataStream.h">
      <Filter>Header Files</Filter>
    </ClInclude>
    <ClInclude Include="..\stream-decorator\OutputDataStreamDecorator.h">
      <Filter>Header Files</Filter>
    </ClInclude>
    <ClInclude Include="..\stream-decorator\FileInputDataStream.h">
      <Filter>Header Files</Filter>
    </ClInclude>
    <ClInclude Include="..\stream-decorator\FileOutputDataStream.h">
      <Filter>Header Files</Filter>
    </ClInclude>
    <ClInclude Include="..\stream-decorator\CompressOutputDataStreamDecorator.h">
      <Filter>Header Files</Filter>
    </ClInclude>
    <ClInclude Include="..\stream-decorator\MemoryOutputDataStream.h">
      <Filter>Header Files</Filter>
    </ClInclude>
  </ItemGroup>
</Project>