<?xml version="1.0" encoding="utf-8"?>
<Project ToolsVersion="4.0" xmlns="http://schemas.microsoft.com/developer/msbuild/2003">
  <ItemGroup>
    <Filter Include="Source Files">
      <UniqueIdentifier>{4FC737F1-C7A5-4376-A066-2A32D752A2FF}</UniqueIdentifier>
      <Extensions>cpp;c;cc;cxx;c++;cppm;ixx;def;odl;idl;hpj;bat;asm;asmx</Extensions>
    </Filter>
    <Filter Include="Header Files">
      <UniqueIdentifier>{93995380-89BD-4b04-88EB-625FBE52EBFB}</UniqueIdentifier>
      <Extensions>h;hh;hpp;hxx;h++;hm;inl;inc;ipp;xsd</Extensions>
    </Filter>
    <Filter Include="Resource Files">
      <UniqueIdentifier>{67DA6AB6-F800-4c08-8B7A-83BB121AAD01}</UniqueIdentifier>
      <Extensions>rc;ico;cur;bmp;dlg;rc2;rct;bin;rgs;gif;jpg;jpeg;jpe;resx;tiff;tif;png;wav;mfcribbon-ms</Extensions>
    </Filter>
  </ItemGroup>
  <ItemGroup>
    <ClCompile Include="catch_main.cpp">
      <Filter>Source Files</Filter>
    </ClCompile>
    <ClCompile Include="..\editor\Command.cpp">
      <Filter>Source Files</Filter>
    </ClCompile>
    <ClCompile Include="..\editor\CommandHistory.cpp">
      <Filter>Source Files</Filter>
    </ClCompile>
    <ClCompile Include="..\editor\CommandLineEditor.cpp">
      <Filter>Source Files</Filter>
    </ClCompile>
    <ClCompile Include="..\editor\ConstDocumentItem.cpp">
      <Filter>Source Files</Filter>
    </ClCompile>
    <ClCompile Include="..\editor\DeleteItemCommand.cpp">
      <Filter>Source Files</Filter>
    </ClCompile>
    <ClCompile Include="..\editor\Document.cpp">
      <Filter>Source Files</Filter>
    </ClCompile>
    <ClCompile Include="..\editor\DocumentHtmlSaveStrategy.cpp">
      <Filter>Source Files</Filter>
    </ClCompile>
    <ClCompile Include="..\editor\DocumentItem.cpp">
      <Filter>Source Files</Filter>
    </ClCompile>
    <ClCompile Include="..\editor\Image.cpp">
      <Filter>Source Files</Filter>
    </ClCompile>
    <ClCompile Include="..\editor\InsertImageCommand.cpp">
      <Filter>Source Files</Filter>
    </ClCompile>
    <ClCompile Include="..\editor\InsertParagraphCommand.cpp">
      <Filter>Source Files</Filter>
    </ClCompile>
    <ClCompile Include="..\editor\Menu.cpp">
      <Filter>Source Files</Filter>
    </ClCompile>
    <ClCompile Include="..\editor\Paragraph.cpp">
      <Filter>Source Files</Filter>
    </ClCompile>
    <ClCompile Include="..\editor\ReplaceTextCommand.cpp">
      <Filter>Source Files</Filter>
    </ClCompile>
    <ClCompile Include="..\editor\ResizeImageCommand.cpp">
      <Filter>Source Files</Filter>
    </ClCompile>
    <ClCompile Include="..\editor\SetTitleCommand.cpp">
      <Filter>Source Files</Filter>
    </ClCompile>
    <ClCompile Include="Menu.tests.cpp">
      <Filter>Source Files</Filter>
    </ClCompile>
    <ClCompile Include="CommandLineEditorWithMenu.tests.cpp">
      <Filter>Source Files</Filter>
    </ClCompile>
    <ClCompile Include="Document.tests.cpp">
      <Filter>Source Files</Filter>
    </ClCompile>
  </ItemGroup>
  <ItemGroup>
    <ClInclude Include="..\editor\Command.h">
      <Filter>Header Files</Filter>
    </ClInclude>
    <ClInclude Include="..\editor\CommandExecutionException.h">
      <Filter>Header Files</Filter>
    </ClInclude>
    <ClInclude Include="..\editor\CommandHistory.h">
      <Filter>Header Files</Filter>
    </ClInclude>
    <ClInclude Include="..\editor\CommandLineEditor.h">
      <Filter>Header Files</Filter>
    </ClInclude>
    <ClInclude Include="..\editor\ConstDocumentItem.h">
      <Filter>Header Files</Filter>
    </ClInclude>
    <ClInclude Include="..\editor\DeleteItemCommand.h">
      <Filter>Header Files</Filter>
    </ClInclude>
    <ClInclude Include="..\editor\Document.h">
      <Filter>Header Files</Filter>
    </ClInclude>
    <ClInclude Include="..\editor\DocumentHtmlSaveStrategy.h">
      <Filter>Header Files</Filter>
    </ClInclude>
    <ClInclude Include="..\editor\DocumentItem.h">
      <Filter>Header Files</Filter>
    </ClInclude>
    <ClInclude Include="..\editor\IDocument.h">
      <Filter>Header Files</Filter>
    </ClInclude>
    <ClInclude Include="..\editor\IDocumentEditContext.h">
      <Filter>Header Files</Filter>
    </ClInclude>
    <ClInclude Include="..\editor\IDocumentSaveStrategy.h">
      <Filter>Header Files</Filter>
    </ClInclude>
    <ClInclude Include="..\editor\IImage.h">
      <Filter>Header Files</Filter>
    </ClInclude>
    <ClInclude Include="..\editor\Image.h">
      <Filter>Header Files</Filter>
    </ClInclude>
    <ClInclude Include="..\editor\InsertImageCommand.h">
      <Filter>Header Files</Filter>
    </ClInclude>
    <ClInclude Include="..\editor\InsertParagraphCommand.h">
      <Filter>Header Files</Filter>
    </ClInclude>
    <ClInclude Include="..\editor\IParagraph.h">
      <Filter>Header Files</Filter>
    </ClInclude>
    <ClInclude Include="..\editor\Menu.h">
      <Filter>Header Files</Filter>
    </ClInclude>
    <ClInclude Include="..\editor\MenuItem.h">
      <Filter>Header Files</Filter>
    </ClInclude>
    <ClInclude Include="..\editor\Paragraph.h">
      <Filter>Header Files</Filter>
    </ClInclude>
    <ClInclude Include="..\editor\ReplaceTextCommand.h">
      <Filter>Header Files</Filter>
    </ClInclude>
    <ClInclude Include="..\editor\ResizeImageCommand.h">
      <Filter>Header Files</Filter>
    </ClInclude>
    <ClInclude Include="..\editor\SetTitleCommand.h">
      <Filter>Header Files</Filter>
    </ClInclude>
  </ItemGroup>
</Project>