<?xml version="1.0" encoding="utf-8"?>
<Project ToolsVersion="4.0" xmlns="http://schemas.microsoft.com/developer/msbuild/2003">
  <ItemGroup>
    <Filter Include="Source Files">
      <UniqueIdentifier>{4FC737F1-C7A5-4376-A066-2A32D752A2FF}</UniqueIdentifier>
      <Extensions>cpp;c;cc;cxx;c++;cppm;ixx;def;odl;idl;hpj;bat;asm;asmx</Extensions>
    </Filter>
    <Filter Include="Header Files">
      <UniqueIdentifier>{93995380-89BD-4b04-88EB-625FBE52EBFB}</UniqueIdentifier>
      <Extensions>h;hh;hpp;hxx;h++;hm;inl;inc;ipp;xsd</Extensions>
    </Filter>
    <Filter Include="Resource Files">
      <UniqueIdentifier>{67DA6AB6-F800-4c08-8B7A-83BB121AAD01}</UniqueIdentifier>
      <Extensions>rc;ico;cur;bmp;dlg;rc2;rct;bin;rgs;gif;jpg;jpeg;jpe;resx;tiff;tif;png;wav;mfcribbon-ms</Extensions>
    </Filter>
    <Filter Include="Header Files\Shape">
      <UniqueIdentifier>{c1276977-8d08-4c8b-a700-6a48ffe87c6d}</UniqueIdentifier>
    </Filter>
    <Filter Include="Header Files\Designer">
      <UniqueIdentifier>{8efd2b69-b1f1-4a45-be2d-50c0d60b7ed9}</UniqueIdentifier>
    </Filter>
    <Filter Include="Header Files\Painter">
      <UniqueIdentifier>{eba2270b-ea61-471d-9ce7-1ce2699bfde0}</UniqueIdentifier>
    </Filter>
    <Filter Include="Header Files\ShapeFactory">
      <UniqueIdentifier>{4752667b-6b7e-406e-851b-28277fab76ec}</UniqueIdentifier>
    </Filter>
    <Filter Include="Source Files\ShapeFactory">
      <UniqueIdentifier>{688142b2-2289-40c6-bf25-8b8b26f93af2}</UniqueIdentifier>
    </Filter>
    <Filter Include="Source Files\Shape">
      <UniqueIdentifier>{8ced96fc-1f4c-4678-b0d8-250018c3951c}</UniqueIdentifier>
    </Filter>
    <Filter Include="Source Files\Painter">
      <UniqueIdentifier>{ba00a15e-66a4-4829-820d-5007fc95b91c}</UniqueIdentifier>
    </Filter>
    <Filter Include="Source Files\Designer">
      <UniqueIdentifier>{9cd8e319-c92e-4ec8-bd2b-641ef1f6535d}</UniqueIdentifier>
    </Filter>
    <Filter Include="Header Files\Canvas">
      <UniqueIdentifier>{f0b168bc-d922-46f0-9788-b60e8b41cc6f}</UniqueIdentifier>
    </Filter>
    <Filter Include="Source Files\Canvas">
      <UniqueIdentifier>{2ee78269-f959-4c7f-9b8a-140f2ce3e93e}</UniqueIdentifier>
    </Filter>
  </ItemGroup>
  <ItemGroup>
    <ClCompile Include="main.cpp">
      <Filter>Source Files</Filter>
    </ClCompile>
    <ClCompile Include="PictureDraft.cpp">
      <Filter>Source Files</Filter>
    </ClCompile>
    <ClCompile Include="Designer.cpp">
      <Filter>Source Files\Designer</Filter>
    </ClCompile>
    <ClCompile Include="Painter.cpp">
      <Filter>Source Files\Painter</Filter>
    </ClCompile>
    <ClCompile Include="Rectangle.cpp">
      <Filter>Source Files\Shape</Filter>
    </ClCompile>
    <ClCompile Include="ShapeFactory.cpp">
      <Filter>Source Files\ShapeFactory</Filter>
    </ClCompile>
    <ClCompile Include="Ellipse.cpp">
      <Filter>Source Files\Shape</Filter>
    </ClCompile>
    <ClCompile Include="Triangle.cpp">
      <Filter>Source Files\Shape</Filter>
    </ClCompile>
    <ClCompile Include="RegularPolygon.cpp">
      <Filter>Source Files\Shape</Filter>
    </ClCompile>
    <ClCompile Include="Color.cpp">
      <Filter>Source Files</Filter>
    </ClCompile>
    <ClCompile Include="ShapeType.cpp">
      <Filter>Source Files</Filter>
    </ClCompile>
    <ClCompile Include="SFMLCanvas.cpp">
      <Filter>Source Files\Canvas</Filter>
    </ClCompile>
  </ItemGroup>
  <ItemGroup>
    <ClInclude Include="PictureDraft.h">
      <Filter>Header Files</Filter>
    </ClInclude>
    <ClInclude Include="Point.hpp">
      <Filter>Header Files</Filter>
    </ClInclude>
    <ClInclude Include="IShape.h">
      <Filter>Header Files\Shape</Filter>
    </ClInclude>
    <ClInclude Include="IDesigner.h">
      <Filter>Header Files\Designer</Filter>
    </ClInclude>
    <ClInclude Include="IPainter.h">
      <Filter>Header Files\Painter</Filter>
    </ClInclude>
    <ClInclude Include="Color.h">
      <Filter>Header Files\Shape</Filter>
    </ClInclude>
    <ClInclude Include="IShapeFactory.h">
      <Filter>Header Files\ShapeFactory</Filter>
    </ClInclude>
    <ClInclude Include="ShapeFactory.h">
      <Filter>Header Files\ShapeFactory</Filter>
    </ClInclude>
    <ClInclude Include="Painter.h">
      <Filter>Header Files\Painter</Filter>
    </ClInclude>
    <ClInclude Include="Designer.h">
      <Filter>Header Files\Designer</Filter>
    </ClInclude>
    <ClInclude Include="Rectangle.h">
      <Filter>Header Files\Shape</Filter>
    </ClInclude>
    <ClInclude Include="Triangle.h">
      <Filter>Header Files\Shape</Filter>
    </ClInclude>
    <ClInclude Include="RegularPolygon.h">
      <Filter>Header Files\Shape</Filter>
    </ClInclude>
    <ClInclude Include="Ellipse.h">
      <Filter>Header Files\Shape</Filter>
    </ClInclude>
    <ClInclude Include="ShapeType.h">
      <Filter>Header Files</Filter>
    </ClInclude>
    <ClInclude Include="ICanvas.h">
      <Filter>Header Files\Canvas</Filter>
    </ClInclude>
    <ClInclude Include="SFMLCanvas.h">
      <Filter>Header Files\Canvas</Filter>
    </ClInclude>
  </ItemGroup>
  <ItemGroup>
    <None Include="packages.config" />
  </ItemGroup>
</Project>