<?xml version="1.0" encoding="utf-8"?>
<Project ToolsVersion="4.0" xmlns="http://schemas.microsoft.com/developer/msbuild/2003">
  <ItemGroup>
    <Filter Include="Source Files">
      <UniqueIdentifier>{4FC737F1-C7A5-4376-A066-2A32D752A2FF}</UniqueIdentifier>
      <Extensions>cpp;c;cc;cxx;c++;cppm;ixx;def;odl;idl;hpj;bat;asm;asmx</Extensions>
    </Filter>
    <Filter Include="Header Files">
      <UniqueIdentifier>{93995380-89BD-4b04-88EB-625FBE52EBFB}</UniqueIdentifier>
      <Extensions>h;hh;hpp;hxx;h++;hm;inl;inc;ipp;xsd</Extensions>
    </Filter>
    <Filter Include="Resource Files">
      <UniqueIdentifier>{67DA6AB6-F800-4c08-8B7A-83BB121AAD01}</UniqueIdentifier>
      <Extensions>rc;ico;cur;bmp;dlg;rc2;rct;bin;rgs;gif;jpg;jpeg;jpe;resx;tiff;tif;png;wav;mfcribbon-ms</Extensions>
    </Filter>
    <Filter Include="Header Files\Input">
      <UniqueIdentifier>{683909a8-187b-4601-9fbd-14b9712336ea}</UniqueIdentifier>
    </Filter>
    <Filter Include="Header Files\Output">
      <UniqueIdentifier>{a6f1516b-236c-40be-89b5-1018cc26e7cb}</UniqueIdentifier>
    </Filter>
    <Filter Include="Source Files\Input">
      <UniqueIdentifier>{45c74f1b-fdb2-47c1-bbed-7aaed497a3b3}</UniqueIdentifier>
    </Filter>
    <Filter Include="Source Files\Output">
      <UniqueIdentifier>{15f4e597-f118-4664-b306-5b7d0670f4af}</UniqueIdentifier>
    </Filter>
    <Filter Include="Header Files\Input\Decorator">
      <UniqueIdentifier>{d8084402-a573-411c-9fbd-e173e2df3fe1}</UniqueIdentifier>
    </Filter>
    <Filter Include="Source Files\Input\Decorator">
      <UniqueIdentifier>{649742fc-608c-4d69-9320-10071efe435a}</UniqueIdentifier>
    </Filter>
    <Filter Include="Header Files\Output\Decorator">
      <UniqueIdentifier>{89039bcb-c332-4842-ba4f-a539e2ccf91e}</UniqueIdentifier>
    </Filter>
    <Filter Include="Source Files\Output\Decorator">
      <UniqueIdentifier>{362ef6ba-db94-470a-bb31-1712bc16ffb8}</UniqueIdentifier>
    </Filter>
  </ItemGroup>
  <ItemGroup>
    <ClCompile Include="main.cpp">
      <Filter>Source Files</Filter>
    </ClCompile>
    <ClCompile Include="FileInputDataStream.cpp">
      <Filter>Source Files\Input</Filter>
    </ClCompile>
    <ClCompile Include="MemoryInputDataStream.cpp">
      <Filter>Source Files\Input</Filter>
    </ClCompile>
    <ClCompile Include="FileOutputDataStream.cpp">
      <Filter>Source Files\Output</Filter>
    </ClCompile>
    <ClCompile Include="MemoryOutputDataStream.cpp">
      <Filter>Source Files\Output</Filter>
    </ClCompile>
    <ClCompile Include="DecompressInputDataStreamDecorator.cpp">
      <Filter>Source Files\Input\Decorator</Filter>
    </ClCompile>
    <ClCompile Include="InputDataStreamDecorator.cpp">
      <Filter>Source Files\Input\Decorator</Filter>
    </ClCompile>
    <ClCompile Include="CryptTable.cpp">
      <Filter>Source Files</Filter>
    </ClCompile>
    <ClCompile Include="DecryptInputDataStreamDecorator.cpp">
      <Filter>Source Files\Input\Decorator</Filter>
    </ClCompile>
    <ClCompile Include="OutputDataStreamDecorator.cpp">
      <Filter>Source Files\Output\Decorator</Filter>
    </ClCompile>
    <ClCompile Include="EncryptOutputDataStreamDecorator.cpp">
      <Filter>Source Files\Output\Decorator</Filter>
    </ClCompile>
    <ClCompile Include="CompressOutputDataStreamDecorator.cpp">
      <Filter>Source Files\Output\Decorator</Filter>
    </ClCompile>
    <ClCompile Include="ProgramArguments.cpp">
      <Filter>Source Files</Filter>
    </ClCompile>
  </ItemGroup>
  <ItemGroup>
    <ClInclude Include="IInputDataStream.h">
      <Filter>Header Files\Input</Filter>
    </ClInclude>
    <ClInclude Include="IOutputDataStream.h">
      <Filter>Header Files\Output</Filter>
    </ClInclude>
    <ClInclude Include="FileInputDataStream.h">
      <Filter>Header Files\Input</Filter>
    </ClInclude>
    <ClInclude Include="MemoryInputDataStream.h">
      <Filter>Header Files\Input</Filter>
    </ClInclude>
    <ClInclude Include="FileOutputDataStream.h">
      <Filter>Header Files\Output</Filter>
    </ClInclude>
    <ClInclude Include="MemoryOutputDataStream.h">
      <Filter>Header Files\Output</Filter>
    </ClInclude>
    <ClInclude Include="InputDataStreamDecorator.h">
      <Filter>Header Files\Input\Decorator</Filter>
    </ClInclude>
    <ClInclude Include="DecompressInputDataStreamDecorator.h">
      <Filter>Header Files\Input\Decorator</Filter>
    </ClInclude>
    <ClInclude Include="CryptTable.h">
      <Filter>Header Files</Filter>
    </ClInclude>
    <ClInclude Include="DecryptInputDataStreamDecorator.h">
      <Filter>Header Files\Input\Decorator</Filter>
    </ClInclude>
    <ClInclude Include="OutputDataStreamDecorator.h">
      <Filter>Header Files\Output\Decorator</Filter>
    </ClInclude>
    <ClInclude Include="EncryptOutputDataStreamDecorator.h">
      <Filter>Header Files\Output\Decorator</Filter>
    </ClInclude>
    <ClInclude Include="CompressOutputDataStreamDecorator.h">
      <Filter>Header Files\Output\Decorator</Filter>
    </ClInclude>
    <ClInclude Include="ProgramArguments.h">
      <Filter>Header Files</Filter>
    </ClInclude>
  </ItemGroup>
  <ItemGroup>
    <Text Include="compress_test.txt" />
  </ItemGroup>
</Project>