
Microsoft Visual Studio Solution File, Format Version 12.00
# Visual Studio Version 16
VisualStudioVersion = 16.0.32929.386
MinimumVisualStudioVersion = 10.0.40219.1
Project("{8BC9CEB8-8B4A-11D0-8D11-00A0C91BC942}") = "gumball_machine", "gumball_machine\gumball_machine.vcxproj", "{05899804-45E7-4B3A-8A93-067D6183A075}"
EndProject
Project("{8BC9CEB8-8B4A-11D0-8D11-00A0C91BC942}") = "gumball_machine_naive", "gumball_machine_naive\gumball_machine_naive.vcxproj", "{B3CC3FB0-501B-4D02-A40A-D1B45A4B2485}"
EndProject
Project("{8BC9CEB8-8B4A-11D0-8D11-00A0C91BC942}") = "gumball_machine_tests", "gumball_machine_tests\gumball_machine_tests.vcxproj", "{CE677642-0D75-4690-9926-8FAD87B8D347}"
EndProject
Project("{8BC9CEB8-8B4A-11D0-8D11-00A0C91BC942}") = "multi_gumball_machine", "multi_gumball_machine\multi_gumball_machine.vcxproj", "{16B69D71-BAFF-4788-88AC-680920D75B81}"
EndProject
Project("{8BC9CEB8-8B4A-11D0-8D11-00A0C91BC942}") = "multi_gumball_machine_tests", "multi_gumball_machine_tests\multi_gumball_machine_tests.vcxproj", "{937B916E-148B-482B-9B43-3E577E1715F5}"
EndProject
Project("{8BC9CEB8-8B4A-11D0-8D11-00A0C91BC942}") = "multi_gumball_machine_naive", "multi_gumball_machine_naive\multi_gumball_machine_naive.vcxproj", "{F6B172F8-BBC6-4A98-8F5B-EBA973045341}"
EndProject
Project("{8BC9CEB8-8B4A-11D0-8D11-00A0C91BC942}") = "multi_gumball_machine_naive_tests", "multi_gumball_machine_naive_tests\multi_gumball_machine_naive_tests.vcxproj", "{AF1586F3-6AED-4527-96FE-731BDDE8EEF9}"
EndProject
Project("{8BC9CEB8-8B4A-11D0-8D11-00A0C91BC942}") = "multi_gumball_machine_refillable", "multi_gumball_machine_refillable\multi_gumball_machine_refillable.vcxproj", "{0D7F9C06-AE1A-4786-AD29-7F18813F0124}"
EndProject
Project("{8BC9CEB8-8B4A-11D0-8D11-00A0C91BC942}") = "multi_gumball_machine_refillable_tests", "multi_gumball_machine_refillable_tests\multi_gumball_machine_refillable_tests.vcxproj", "{61AB9E45-9D0A-4F7B-9BCC-E5C829BFFCFB}"
EndProject
Global
	GlobalSection(SolutionConfigurationPlatforms) = preSolution
		Debug|x64 = Debug|x64
		Debug|x86 = Debug|x86
		Release|x64 = Release|x64
		Release|x86 = Release|x86
	EndGlobalSection
	GlobalSection(ProjectConfigurationPlatforms) = postSolution
		{05899804-45E7-4B3A-8A93-067D6183A075}.Debug|x64.ActiveCfg = Debug|x64
		{05899804-45E7-4B3A-8A93-067D6183A075}.Debug|x64.Build.0 = Debug|x64
		{05899804-45E7-4B3A-8A93-067D6183A075}.Debug|x86.ActiveCfg = Debug|Win32
		{05899804-45E7-4B3A-8A93-067D6183A075}.Debug|x86.Build.0 = Debug|Win32
		{05899804-45E7-4B3A-8A93-067D6183A075}.Release|x64.ActiveCfg = Release|x64
		{05899804-45E7-4B3A-8A93-067D6183A075}.Release|x64.Build.0 = Release|x64
		{05899804-45E7-4B3A-8A93-067D6183A075}.Release|x86.ActiveCfg = Release|Win32
		{05899804-45E7-4B3A-8A93-067D6183A075}.Release|x86.Build.0 = Release|Win32
		{B3CC3FB0-501B-4D02-A40A-D1B45A4B2485}.Debug|x64.ActiveCfg = Debug|x64
		{B3CC3FB0-501B-4D02-A40A-D1B45A4B2485}.Debug|x64.Build.0 = Debug|x64
		{B3CC3FB0-501B-4D02-A40A-D1B45A4B2485}.Debug|x86.ActiveCfg = Debug|Win32
		{B3CC3FB0-501B-4D02-A40A-D1B45A4B2485}.Debug|x86.Build.0 = Debug|Win32
		{B3CC3FB0-501B-4D02-A40A-D1B45A4B2485}.Release|x64.ActiveCfg = Release|x64
		{B3CC3FB0-501B-4D02-A40A-D1B45A4B2485}.Release|x64.Build.0 = Release|x64
		{B3CC3FB0-501B-4D02-A40A-D1B45A4B2485}.Release|x86.ActiveCfg = Release|Win32
		{B3CC3FB0-501B-4D02-A40A-D1B45A4B2485}.Release|x86.Build.0 = Release|Win32
		{CE677642-0D75-4690-9926-8FAD87B8D347}.Debug|x64.ActiveCfg = Debug|x64
		{CE677642-0D75-4690-9926-8FAD87B8D347}.Debug|x64.Build.0 = Debug|x64
		{CE677642-0D75-4690-9926-8FAD87B8D347}.Debug|x86.ActiveCfg = Debug|Win32
		{CE677642-0D75-4690-9926-8FAD87B8D347}.Debug|x86.Build.0 = Debug|Win32
		{CE677642-0D75-4690-9926-8FAD87B8D347}.Release|x64.ActiveCfg = Release|x64
		{CE677642-0D75-4690-9926-8FAD87B8D347}.Release|x64.Build.0 = Release|x64
		{CE677642-0D75-4690-9926-8FAD87B8D347}.Release|x86.ActiveCfg = Release|Win32
		{CE677642-0D75-4690-9926-8FAD87B8D347}.Release|x86.Build.0 = Release|Win32
		{16B69D71-BAFF-4788-88AC-680920D75B81}.Debug|x64.ActiveCfg = Debug|x64
		{16B69D71-BAFF-4788-88AC-680920D75B81}.Debug|x64.Build.0 = Debug|x64
		{16B69D71-BAFF-4788-88AC-680920D75B81}.Debug|x86.ActiveCfg = Debug|Win32
		{16B69D71-BAFF-4788-88AC-680920D75B81}.Debug|x86.Build.0 = Debug|Win32
		{16B69D71-BAFF-4788-88AC-680920D75B81}.Release|x64.ActiveCfg = Release|x64
		{16B69D71-BAFF-4788-88AC-680920D75B81}.Release|x64.Build.0 = Release|x64
		{16B69D71-BAFF-4788-88AC-680920D75B81}.Release|x86.ActiveCfg = Release|Win32
		{16B69D71-BAFF-4788-88AC-680920D75B81}.Release|x86.Build.0 = Release|Win32
		{937B916E-148B-482B-9B43-3E577E1715F5}.Debug|x64.ActiveCfg = Debug|x64
		{937B916E-148B-482B-9B43-3E577E1715F5}.Debug|x64.Build.0 = Debug|x64
		{937B916E-148B-482B-9B43-3E577E1715F5}.Debug|x86.ActiveCfg = Debug|Win32
		{937B916E-148B-482B-9B43-3E577E1715F5}.Debug|x86.Build.0 = Debug|Win32
		{937B916E-148B-482B-9B43-3E577E1715F5}.Release|x64.ActiveCfg = Release|x64
		{937B916E-148B-482B-9B43-3E577E1715F5}.Release|x64.Build.0 = Release|x64
		{937B916E-148B-482B-9B43-3E577E1715F5}.Release|x86.ActiveCfg = Release|Win32
		{937B916E-148B-482B-9B43-3E577E1715F5}.Release|x86.Build.0 = Release|Win32
		{F6B172F8-BBC6-4A98-8F5B-EBA973045341}.Debug|x64.ActiveCfg = Debug|x64
		{F6B172F8-BBC6-4A98-8F5B-EBA973045341}.Debug|x64.Build.0 = Debug|x64
		{F6B172F8-BBC6-4A98-8F5B-EBA973045341}.Debug|x86.ActiveCfg = Debug|Win32
		{F6B172F8-BBC6-4A98-8F5B-EBA973045341}.Debug|x86.Build.0 = Debug|Win32
		{F6B172F8-BBC6-4A98-8F5B-EBA973045341}.Release|x64.ActiveCfg = Release|x64
		{F6B172F8-BBC6-4A98-8F5B-EBA973045341}.Release|x64.Build.0 = Release|x64
		{F6B172F8-BBC6-4A98-8F5B-EBA973045341}.Release|x86.ActiveCfg = Release|Win32
		{F6B172F8-BBC6-4A98-8F5B-EBA973045341}.Release|x86.Build.0 = Release|Win32
		{AF1586F3-6AED-4527-96FE-731BDDE8EEF9}.Debug|x64.ActiveCfg = Debug|x64
		{AF1586F3-6AED-4527-96FE-731BDDE8EEF9}.Debug|x64.Build.0 = Debug|x64
		{AF1586F3-6AED-4527-96FE-731BDDE8EEF9}.Debug|x86.ActiveCfg = Debug|Win32
		{AF1586F3-6AED-4527-96FE-731BDDE8EEF9}.Debug|x86.Build.0 = Debug|Win32
		{AF1586F3-6AED-4527-96FE-731BDDE8EEF9}.Release|x64.ActiveCfg = Release|x64
		{AF1586F3-6AED-4527-96FE-731BDDE8EEF9}.Release|x64.Build.0 = Release|x64
		{AF1586F3-6AED-4527-96FE-731BDDE8EEF9}.Release|x86.ActiveCfg = Release|Win32
		{AF1586F3-6AED-4527-96FE-731BDDE8EEF9}.Release|x86.Build.0 = Release|Win32
		{0D7F9C06-AE1A-4786-AD29-7F18813F0124}.Debug|x64.ActiveCfg = Debug|x64
		{0D7F9C06-AE1A-4786-AD29-7F18813F0124}.Debug|x64.Build.0 = Debug|x64
		{0D7F9C06-AE1A-4786-AD29-7F18813F0124}.Debug|x86.ActiveCfg = Debug|Win32
		{0D7F9C06-AE1A-4786-AD29-7F18813F0124}.Debug|x86.Build.0 = Debug|Win32
		{0D7F9C06-AE1A-4786-AD29-7F18813F0124}.Release|x64.ActiveCfg = Release|x64
		{0D7F9C06-AE1A-4786-AD29-7F18813F0124}.Release|x64.Build.0 = Release|x64
		{0D7F9C06-AE1A-4786-AD29-7F18813F0124}.Release|x86.ActiveCfg = Release|Win32
		{0D7F9C06-AE1A-4786-AD29-7F18813F0124}.Release|x86.Build.0 = Release|Win32
		{61AB9E45-9D0A-4F7B-9BCC-E5C829BFFCFB}.Debug|x64.ActiveCfg = Debug|x64
		{61AB9E45-9D0A-4F7B-9BCC-E5C829BFFCFB}.Debug|x64.Build.0 = Debug|x64
		{61AB9E45-9D0A-4F7B-9BCC-E5C829BFFCFB}.Debug|x86.ActiveCfg = Debug|Win32
		{61AB9E45-9D0A-4F7B-9BCC-E5C829BFFCFB}.Debug|x86.Build.0 = Debug|Win32
		{61AB9E45-9D0A-4F7B-9BCC-E5C829BFFCFB}.Release|x64.ActiveCfg = Release|x64
		{61AB9E45-9D0A-4F7B-9BCC-E5C829BFFCFB}.Release|x64.Build.0 = Release|x64
		{61AB9E45-9D0A-4F7B-9BCC-E5C829BFFCFB}.Release|x86.ActiveCfg = Release|Win32
		{61AB9E45-9D0A-4F7B-9BCC-E5C829BFFCFB}.Release|x86.Build.0 = Release|Win32
	EndGlobalSection
	GlobalSection(SolutionProperties) = preSolution
		HideSolutionNode = FALSE
	EndGlobalSection
	GlobalSection(ExtensibilityGlobals) = postSolution
		SolutionGuid = {B121E7BE-7BB7-4F56-9DE2-BD0837A79169}
	EndGlobalSection
EndGlobal
